{
  "name": "tw-opencode-plugin",
  "version": "0.1.0",
  "lockfileVersion": 3,
  "requires": true,
  "packages": {
    "": {
      "name": "tw-opencode-plugin",
      "version": "0.1.0",
      "dependencies": {
        "@grafana/sigil-sdk-js": "file:../../../../../private/tmp/sigil-sdk/sdks/js",
        "@opencode-ai/plugin": "^1.2.16"
      },
      "devDependencies": {
        "@types/node": "^22.13.9",
        "husky": "^9.1.7",
        "typescript": "^5.8.2"
      }
    },
    "../../../../../private/tmp/sigil-sdk/sdks/js": {
      "name": "@grafana/sigil-sdk-js",
      "version": "0.1.0",
      "license": "Apache-2.0",
      "dependencies": {
        "@anthropic-ai/sdk": "^0.78.0",
        "@google/adk": "^0.4.0",
        "@google/genai": "^1.41.0",
        "@grpc/grpc-js": "^1.14.1",
        "@grpc/proto-loader": "^0.8.0",
        "@langchain/core": "^1.0.0",
        "@langchain/langgraph": "^1.2.0",
        "@openai/agents": "^0.5.0",
        "@opentelemetry/api": "^1.9.0",
        "@opentelemetry/exporter-metrics-otlp-grpc": "^0.213.0",
        "@opentelemetry/exporter-metrics-otlp-http": "^0.213.0",
        "@opentelemetry/exporter-trace-otlp-grpc": "^0.213.0",
        "@opentelemetry/exporter-trace-otlp-http": "^0.213.0",
        "@opentelemetry/sdk-metrics": "^2.1.0",
        "@opentelemetry/sdk-trace-base": "^2.5.0",
        "llamaindex": "^0.12.1",
        "openai": "^6.21.0"
      },
      "devDependencies": {
        "@types/node": "^24.11.0",
        "typescript": "^5.9.3"
      }
    },
    "node_modules/@grafana/sigil-sdk-js": {
      "resolved": "../../../../../private/tmp/sigil-sdk/sdks/js",
      "link": true
    },
    "node_modules/@opencode-ai/plugin": {
      "version": "1.2.16",
      "resolved": "https://registry.npmjs.org/@opencode-ai/plugin/-/plugin-1.2.16.tgz",
      "integrity": "sha512-9Kb7BQIC2P3oKCvI8K3thP5YP0vE7yLvcmBmgyACUIqc3e5UL6U+4umLpTvgQa2eQdjxtOXznuGTNwgcGMHUHg==",
      "license": "MIT",
      "dependencies": {
        "@opencode-ai/sdk": "1.2.16",
        "zod": "4.1.8"
      }
    },
    "node_modules/@opencode-ai/sdk": {
      "version": "1.2.16",
      "resolved": "https://registry.npmjs.org/@opencode-ai/sdk/-/sdk-1.2.16.tgz",
      "integrity": "sha512-y9ae9VnCcuog0GaI4DveX1HB6DBoZgGN3EuJVlRFbBCPwhzkls6fCfHSb5+VnTS6Fy0OWFUL28VBCmixL/D+/Q==",
      "license": "MIT"
    },
    "node_modules/@types/node": {
      "version": "22.19.13",
      "resolved": "https://registry.npmjs.org/@types/node/-/node-22.19.13.tgz",
      "integrity": "sha512-akNQMv0wW5uyRpD2v2IEyRSZiR+BeGuoB6L310EgGObO44HSMNT8z1xzio28V8qOrgYaopIDNA18YgdXd+qTiw==",
      "dev": true,
      "license": "MIT",
      "dependencies": {
        "undici-types": "~6.21.0"
      }
    },
    "node_modules/husky": {
      "version": "9.1.7",
      "resolved": "https://registry.npmjs.org/husky/-/husky-9.1.7.tgz",
      "integrity": "sha512-5gs5ytaNjBrh5Ow3zrvdUUY+0VxIuWVL4i9irt6friV+BqdCfmV11CQTWMiBYWHbXhco+J1kHfTOUkePhCDvMA==",
      "dev": true,
      "license": "MIT",
      "bin": {
        "husky": "bin.js"
      },
      "engines": {
        "node": ">=18"
      },
      "funding": {
        "url": "https://github.com/sponsors/typicode"
      }
    },
    "node_modules/typescript": {
      "version": "5.9.3",
      "resolved": "https://registry.npmjs.org/typescript/-/typescript-5.9.3.tgz",
      "integrity": "sha512-jl1vZzPDinLr9eUt3J/t7V6FgNEw9QjvBPdysz9KfQDD41fQrC2Y4vKQdiaUpFT4bXlb1RHhLpp8wtm6M5TgSw==",
      "dev": true,
      "license": "Apache-2.0",
      "bin": {
        "tsc": "bin/tsc",
        "tsserver": "bin/tsserver"
      },
      "engines": {
        "node": ">=14.17"
      }
    },
    "node_modules/undici-types": {
      "version": "6.21.0",
      "resolved": "https://registry.npmjs.org/undici-types/-/undici-types-6.21.0.tgz",
      "integrity": "sha512-iwDZqg0QAGrg9Rav5H4n0M64c3mkR59cJ6wQp+7C4nI0gsmExaedaYLNO44eT4AtBBwjbTiGPMlt2Md0T9H9JQ==",
      "dev": true,
      "license": "MIT"
    },
    "node_modules/zod": {
      "version": "4.1.8",
      "resolved": "https://registry.npmjs.org/zod/-/zod-4.1.8.tgz",
      "integrity": "sha512-5R1P+WwQqmmMIEACyzSvo4JXHY5WiAFHRMg+zBZKgKS+Q1viRa0C1hmUKtHltoIFKtIdki3pRxkmpP74jnNYHQ==",
      "license": "MIT",
      "funding": {
        "url": "https://github.com/sponsors/colinhacks"
      }
    }
  }
}
